
Microsoft Visual Studio Solution File, Format Version 12.00
# Visual Studio Version 16
VisualStudioVersion = 16.0.30907.101
MinimumVisualStudioVersion = 10.0.40219.1
Project("{FAE04EC0-301F-11D3-BF4B-00C04F79EFBC}") = "BufferedGraphicsContext", "BufferedGraphicsContext\BufferedGraphicsContext.csproj", "{939F4489-3A05-46B7-AB2A-66C909ACF053}"
EndProject
Global
	GlobalSection(SolutionConfigurationPlatforms) = preSolution
		Debug|Any CPU = Debug|Any CPU
		Release|Any CPU = Release|Any CPU
	EndGlobalSection
	GlobalSection(ProjectConfigurationPlatforms) = postSolution
		{939F4489-3A05-46B7-AB2A-66C909ACF053}.Debug|Any CPU.ActiveCfg = Debug|Any CPU
		{939F4489-3A05-46B7-AB2A-66C909ACF053}.Debug|Any CPU.Build.0 = Debug|Any CPU
		{939F4489-3A05-46B7-AB2A-66C909ACF053}.Release|Any CPU.ActiveCfg = Release|Any CPU
		{939F4489-3A05-46B7-AB2A-66C909ACF053}.Release|Any CPU.Build.0 = Release|Any CPU
	EndGlobalSection
	GlobalSection(SolutionProperties) = preSolution
		HideSolutionNode = FALSE
	EndGlobalSection
	GlobalSection(ExtensibilityGlobals) = postSolution
		SolutionGuid = {0C7B05CD-4427-4605-B28F-30418712692F}
	EndGlobalSection
EndGlobal
